
Microsoft Visual Studio Solution File, Format Version 12.00
# Visual Studio Version 17
VisualStudioVersion = 17.4.33213.308
MinimumVisualStudioVersion = 10.0.40219.1
Project("{9A19103F-16F7-4668-BE54-9A1E7A4F7556}") = "pz_1", "pz_1\pz_1.csproj", "{97177DF8-400D-4D5D-9810-63C5A8F97D05}"
EndProject
Project("{9A19103F-16F7-4668-BE54-9A1E7A4F7556}") = "pz_2", "pz_2\pz_2.csproj", "{32B941DB-FDFA-4B0E-B30B-9F7DF0F87949}"
EndProject
Project("{9A19103F-16F7-4668-BE54-9A1E7A4F7556}") = "pz_3", "pz_3\pz_3.csproj", "{27596CEB-E993-49C7-8976-B5F08D0DC512}"
EndProject
Project("{9A19103F-16F7-4668-BE54-9A1E7A4F7556}") = "pz_4", "pz_4\pz_4.csproj", "{14C7C060-2664-45DE-AF25-E071A0679695}"
EndProject
Project("{FAE04EC0-301F-11D3-BF4B-00C04F79EFBC}") = "pz_5", "pz_5\pz_5.csproj", "{B7905B81-C0F2-4B57-B624-68E6CAA0B37A}"
EndProject
Global
	GlobalSection(SolutionConfigurationPlatforms) = preSolution
		Debug|Any CPU = Debug|Any CPU
		Release|Any CPU = Release|Any CPU
	EndGlobalSection
	GlobalSection(ProjectConfigurationPlatforms) = postSolution
		{97177DF8-400D-4D5D-9810-63C5A8F97D05}.Debug|Any CPU.ActiveCfg = Debug|Any CPU
		{97177DF8-400D-4D5D-9810-63C5A8F97D05}.Debug|Any CPU.Build.0 = Debug|Any CPU
		{97177DF8-400D-4D5D-9810-63C5A8F97D05}.Release|Any CPU.ActiveCfg = Release|Any CPU
		{97177DF8-400D-4D5D-9810-63C5A8F97D05}.Release|Any CPU.Build.0 = Release|Any CPU
		{32B941DB-FDFA-4B0E-B30B-9F7DF0F87949}.Debug|Any CPU.ActiveCfg = Debug|Any CPU
		{32B941DB-FDFA-4B0E-B30B-9F7DF0F87949}.Debug|Any CPU.Build.0 = Debug|Any CPU
		{32B941DB-FDFA-4B0E-B30B-9F7DF0F87949}.Release|Any CPU.ActiveCfg = Release|Any CPU
		{32B941DB-FDFA-4B0E-B30B-9F7DF0F87949}.Release|Any CPU.Build.0 = Release|Any CPU
		{27596CEB-E993-49C7-8976-B5F08D0DC512}.Debug|Any CPU.ActiveCfg = Debug|Any CPU
		{27596CEB-E993-49C7-8976-B5F08D0DC512}.Debug|Any CPU.Build.0 = Debug|Any CPU
		{27596CEB-E993-49C7-8976-B5F08D0DC512}.Release|Any CPU.ActiveCfg = Release|Any CPU
		{27596CEB-E993-49C7-8976-B5F08D0DC512}.Release|Any CPU.Build.0 = Release|Any CPU
		{14C7C060-2664-45DE-AF25-E071A0679695}.Debug|Any CPU.ActiveCfg = Debug|Any CPU
		{14C7C060-2664-45DE-AF25-E071A0679695}.Debug|Any CPU.Build.0 = Debug|Any CPU
		{14C7C060-2664-45DE-AF25-E071A0679695}.Release|Any CPU.ActiveCfg = Release|Any CPU
		{14C7C060-2664-45DE-AF25-E071A0679695}.Release|Any CPU.Build.0 = Release|Any CPU
		{B7905B81-C0F2-4B57-B624-68E6CAA0B37A}.Debug|Any CPU.ActiveCfg = Debug|Any CPU
		{B7905B81-C0F2-4B57-B624-68E6CAA0B37A}.Debug|Any CPU.Build.0 = Debug|Any CPU
		{B7905B81-C0F2-4B57-B624-68E6CAA0B37A}.Release|Any CPU.ActiveCfg = Release|Any CPU
		{B7905B81-C0F2-4B57-B624-68E6CAA0B37A}.Release|Any CPU.Build.0 = Release|Any CPU
	EndGlobalSection
	GlobalSection(SolutionProperties) = preSolution
		HideSolutionNode = FALSE
	EndGlobalSection
	GlobalSection(ExtensibilityGlobals) = postSolution
		SolutionGuid = {C19AE968-4626-448B-8973-7D0EF240D06E}
	EndGlobalSection
EndGlobal
